
Microsoft Visual Studio Solution File, Format Version 12.00
# Visual Studio Version 17
VisualStudioVersion = 17.3.32825.248
MinimumVisualStudioVersion = 10.0.40219.1
Project("{FAE04EC0-301F-11D3-BF4B-00C04F79EFBC}") = "PainelMesasLivres", "PainelMesasLivres.csproj", "{AFA12F09-5D52-4C43-AE0C-19F47BF3575A}"
EndProject
Global
	GlobalSection(SolutionConfigurationPlatforms) = preSolution
		Debug|Any CPU = Debug|Any CPU
		Release|Any CPU = Release|Any CPU
	EndGlobalSection
	GlobalSection(ProjectConfigurationPlatforms) = postSolution
		{AFA12F09-5D52-4C43-AE0C-19F47BF3575A}.Debug|Any CPU.ActiveCfg = Debug|Any CPU
		{AFA12F09-5D52-4C43-AE0C-19F47BF3575A}.Debug|Any CPU.Build.0 = Debug|Any CPU
		{AFA12F09-5D52-4C43-AE0C-19F47BF3575A}.Release|Any CPU.ActiveCfg = Release|Any CPU
		{AFA12F09-5D52-4C43-AE0C-19F47BF3575A}.Release|Any CPU.Build.0 = Release|Any CPU
	EndGlobalSection
	GlobalSection(SolutionProperties) = preSolution
		HideSolutionNode = FALSE
	EndGlobalSection
	GlobalSection(ExtensibilityGlobals) = postSolution
		SolutionGuid = {5E229E96-73F8-4AB0-8135-9212A9625553}
	EndGlobalSection
EndGlobal
